
Microsoft Visual Studio Solution File, Format Version 12.00
# Visual Studio Version 16
VisualStudioVersion = 16.0.29215.179
MinimumVisualStudioVersion = 10.0.40219.1
Project("{FAE04EC0-301F-11D3-BF4B-00C04F79EFBC}") = "RESTListView.Android", "RESTListView\RESTListView.Android\RESTListView.Android.csproj", "{EFE4B57C-1142-45E8-A72B-7DC13C3D235B}"
EndProject
Project("{FAE04EC0-301F-11D3-BF4B-00C04F79EFBC}") = "RESTListView.iOS", "RESTListView\RESTListView.iOS\RESTListView.iOS.csproj", "{D8C47B60-8898-4C2D-9307-D611E4A572FD}"
EndProject
Project("{FAE04EC0-301F-11D3-BF4B-00C04F79EFBC}") = "RESTListView", "RESTListView\RESTListView\RESTListView.csproj", "{3572C893-3DEC-454F-AB1E-318B55DDB6E7}"
EndProject
Global
	GlobalSection(SolutionConfigurationPlatforms) = preSolution
		Debug|Any CPU = Debug|Any CPU
		Debug|iPhone = Debug|iPhone
		Debug|iPhoneSimulator = Debug|iPhoneSimulator
		Release|Any CPU = Release|Any CPU
		Release|iPhone = Release|iPhone
		Release|iPhoneSimulator = Release|iPhoneSimulator
	EndGlobalSection
	GlobalSection(ProjectConfigurationPlatforms) = postSolution
		{EFE4B57C-1142-45E8-A72B-7DC13C3D235B}.Debug|Any CPU.ActiveCfg = Debug|Any CPU
		{EFE4B57C-1142-45E8-A72B-7DC13C3D235B}.Debug|Any CPU.Build.0 = Debug|Any CPU
		{EFE4B57C-1142-45E8-A72B-7DC13C3D235B}.Debug|Any CPU.Deploy.0 = Debug|Any CPU
		{EFE4B57C-1142-45E8-A72B-7DC13C3D235B}.Debug|iPhone.ActiveCfg = Debug|Any CPU
		{EFE4B57C-1142-45E8-A72B-7DC13C3D235B}.Debug|iPhone.Build.0 = Debug|Any CPU
		{EFE4B57C-1142-45E8-A72B-7DC13C3D235B}.Debug|iPhone.Deploy.0 = Debug|Any CPU
		{EFE4B57C-1142-45E8-A72B-7DC13C3D235B}.Debug|iPhoneSimulator.ActiveCfg = Debug|Any CPU
		{EFE4B57C-1142-45E8-A72B-7DC13C3D235B}.Debug|iPhoneSimulator.Build.0 = Debug|Any CPU
		{EFE4B57C-1142-45E8-A72B-7DC13C3D235B}.Debug|iPhoneSimulator.Deploy.0 = Debug|Any CPU
		{EFE4B57C-1142-45E8-A72B-7DC13C3D235B}.Release|Any CPU.ActiveCfg = Release|Any CPU
		{EFE4B57C-1142-45E8-A72B-7DC13C3D235B}.Release|Any CPU.Build.0 = Release|Any CPU
		{EFE4B57C-1142-45E8-A72B-7DC13C3D235B}.Release|Any CPU.Deploy.0 = Release|Any CPU
		{EFE4B57C-1142-45E8-A72B-7DC13C3D235B}.Release|iPhone.ActiveCfg = Release|Any CPU
		{EFE4B57C-1142-45E8-A72B-7DC13C3D235B}.Release|iPhone.Build.0 = Release|Any CPU
		{EFE4B57C-1142-45E8-A72B-7DC13C3D235B}.Release|iPhone.Deploy.0 = Release|Any CPU
		{EFE4B57C-1142-45E8-A72B-7DC13C3D235B}.Release|iPhoneSimulator.ActiveCfg = Release|Any CPU
		{EFE4B57C-1142-45E8-A72B-7DC13C3D235B}.Release|iPhoneSimulator.Build.0 = Release|Any CPU
		{EFE4B57C-1142-45E8-A72B-7DC13C3D235B}.Release|iPhoneSimulator.Deploy.0 = Release|Any CPU
		{D8C47B60-8898-4C2D-9307-D611E4A572FD}.Debug|Any CPU.ActiveCfg = Debug|iPhoneSimulator
		{D8C47B60-8898-4C2D-9307-D611E4A572FD}.Debug|Any CPU.Build.0 = Debug|iPhoneSimulator
		{D8C47B60-8898-4C2D-9307-D611E4A572FD}.Debug|Any CPU.Deploy.0 = Debug|iPhoneSimulator
		{D8C47B60-8898-4C2D-9307-D611E4A572FD}.Debug|iPhone.ActiveCfg = Debug|iPhone
		{D8C47B60-8898-4C2D-9307-D611E4A572FD}.Debug|iPhone.Build.0 = Debug|iPhone
		{D8C47B60-8898-4C2D-9307-D611E4A572FD}.Debug|iPhone.Deploy.0 = Debug|iPhone
		{D8C47B60-8898-4C2D-9307-D611E4A572FD}.Debug|iPhoneSimulator.ActiveCfg = Debug|iPhoneSimulator
		{D8C47B60-8898-4C2D-9307-D611E4A572FD}.Debug|iPhoneSimulator.Build.0 = Debug|iPhoneSimulator
		{D8C47B60-8898-4C2D-9307-D611E4A572FD}.Debug|iPhoneSimulator.Deploy.0 = Debug|iPhoneSimulator
		{D8C47B60-8898-4C2D-9307-D611E4A572FD}.Release|Any CPU.ActiveCfg = Release|iPhone
		{D8C47B60-8898-4C2D-9307-D611E4A572FD}.Release|Any CPU.Build.0 = Release|iPhone
		{D8C47B60-8898-4C2D-9307-D611E4A572FD}.Release|Any CPU.Deploy.0 = Release|iPhone
		{D8C47B60-8898-4C2D-9307-D611E4A572FD}.Release|iPhone.ActiveCfg = Release|iPhone
		{D8C47B60-8898-4C2D-9307-D611E4A572FD}.Release|iPhone.Build.0 = Release|iPhone
		{D8C47B60-8898-4C2D-9307-D611E4A572FD}.Release|iPhone.Deploy.0 = Release|iPhone
		{D8C47B60-8898-4C2D-9307-D611E4A572FD}.Release|iPhoneSimulator.ActiveCfg = Release|iPhoneSimulator
		{D8C47B60-8898-4C2D-9307-D611E4A572FD}.Release|iPhoneSimulator.Build.0 = Release|iPhoneSimulator
		{D8C47B60-8898-4C2D-9307-D611E4A572FD}.Release|iPhoneSimulator.Deploy.0 = Release|iPhoneSimulator
		{3572C893-3DEC-454F-AB1E-318B55DDB6E7}.Debug|Any CPU.ActiveCfg = Debug|Any CPU
		{3572C893-3DEC-454F-AB1E-318B55DDB6E7}.Debug|Any CPU.Build.0 = Debug|Any CPU
		{3572C893-3DEC-454F-AB1E-318B55DDB6E7}.Debug|Any CPU.Deploy.0 = Debug|Any CPU
		{3572C893-3DEC-454F-AB1E-318B55DDB6E7}.Debug|iPhone.ActiveCfg = Debug|Any CPU
		{3572C893-3DEC-454F-AB1E-318B55DDB6E7}.Debug|iPhone.Build.0 = Debug|Any CPU
		{3572C893-3DEC-454F-AB1E-318B55DDB6E7}.Debug|iPhone.Deploy.0 = Debug|Any CPU
		{3572C893-3DEC-454F-AB1E-318B55DDB6E7}.Debug|iPhoneSimulator.ActiveCfg = Debug|Any CPU
		{3572C893-3DEC-454F-AB1E-318B55DDB6E7}.Debug|iPhoneSimulator.Build.0 = Debug|Any CPU
		{3572C893-3DEC-454F-AB1E-318B55DDB6E7}.Debug|iPhoneSimulator.Deploy.0 = Debug|Any CPU
		{3572C893-3DEC-454F-AB1E-318B55DDB6E7}.Release|Any CPU.ActiveCfg = Release|Any CPU
		{3572C893-3DEC-454F-AB1E-318B55DDB6E7}.Release|Any CPU.Build.0 = Release|Any CPU
		{3572C893-3DEC-454F-AB1E-318B55DDB6E7}.Release|Any CPU.Deploy.0 = Release|Any CPU
		{3572C893-3DEC-454F-AB1E-318B55DDB6E7}.Release|iPhone.ActiveCfg = Release|Any CPU
		{3572C893-3DEC-454F-AB1E-318B55DDB6E7}.Release|iPhone.Build.0 = Release|Any CPU
		{3572C893-3DEC-454F-AB1E-318B55DDB6E7}.Release|iPhone.Deploy.0 = Release|Any CPU
		{3572C893-3DEC-454F-AB1E-318B55DDB6E7}.Release|iPhoneSimulator.ActiveCfg = Release|Any CPU
		{3572C893-3DEC-454F-AB1E-318B55DDB6E7}.Release|iPhoneSimulator.Build.0 = Release|Any CPU
		{3572C893-3DEC-454F-AB1E-318B55DDB6E7}.Release|iPhoneSimulator.Deploy.0 = Release|Any CPU
	EndGlobalSection
	GlobalSection(SolutionProperties) = preSolution
		HideSolutionNode = FALSE
	EndGlobalSection
	GlobalSection(ExtensibilityGlobals) = postSolution
		SolutionGuid = {E586789A-2834-4B89-ADD6-BD955946CB7C}
	EndGlobalSection
EndGlobal
